# This file is automatically @generated by Cargo.
# It is not intended for manual editing.
version = 4

[[package]]
name = "compose-eval"
version = "0.1.0"
dependencies = [
 "compose-library",
 "compose-syntax",
]

[[package]]
name = "compose-library"
version = "0.1.0"
dependencies = [
 "compose-syntax",
 "ecow",
]

[[package]]
name = "compose-syntax"
version = "0.1.0"
dependencies = [
 "ecow",
 "extension-traits",
 "sequential-test",
 "unscanny",
]

[[package]]
name = "ecow"
version = "0.2.4"
source = "registry+https://github.com/rust-lang/crates.io-index"
checksum = "ef5eeffa816451f3a6a4cce9cd796e3e5ba6018638d3ce5cc7f87b73bababf60"

[[package]]
name = "ext-trait"
version = "2.0.0"
source = "registry+https://github.com/rust-lang/crates.io-index"
checksum = "703090345f7d5de48379b391c9dfe69967a3c1694730a3e53bf4c905f71069c0"
dependencies = [
 "ext-trait-proc_macros",
]

[[package]]
name = "ext-trait-proc_macros"
version = "2.0.0"
source = "registry+https://github.com/rust-lang/crates.io-index"
checksum = "bd9f3f15f123dee4e8a6b14f033ba22904a48c5935505dc07225ce440e640d8b"
dependencies = [
 "proc-macro2",
 "quote",
 "syn",
]

[[package]]
name = "extension-traits"
version = "2.0.0"
source = "registry+https://github.com/rust-lang/crates.io-index"
checksum = "360cbc11ebc403c8ebb731dfb4d3950835d40d3d9a20f0e89a27b17e991d0863"
dependencies = [
 "ext-trait",
]

[[package]]
name = "proc-macro2"
version = "1.0.95"
source = "registry+https://github.com/rust-lang/crates.io-index"
checksum = "02b3e5e68a3a1a02aad3ec490a98007cbc13c37cbe84a3cd7b8e406d76e7f778"
dependencies = [
 "unicode-ident",
]

[[package]]
name = "quote"
version = "1.0.40"
source = "registry+https://github.com/rust-lang/crates.io-index"
checksum = "1885c039570dc00dcb4ff087a89e185fd56bae234ddc7f056a945bf36467248d"
dependencies = [
 "proc-macro2",
]

[[package]]
name = "sequential-macro"
version = "0.1.4"
source = "registry+https://github.com/rust-lang/crates.io-index"
checksum = "eb5facc5f409a55d25bf271c853402a00e1187097d326757043f5dd711944d07"

[[package]]
name = "sequential-test"
version = "0.2.4"
source = "registry+https://github.com/rust-lang/crates.io-index"
checksum = "f0d9c0d773bc7e7733264f460e5dfa00b2510421ddd6284db0749eef8dfb79e9"
dependencies = [
 "sequential-macro",
]

[[package]]
name = "syn"
version = "1.0.109"
source = "registry+https://github.com/rust-lang/crates.io-index"
checksum = "72b64191b275b66ffe2469e8af2c1cfe3bafa67b529ead792a6d0160888b4237"
dependencies = [
 "proc-macro2",
 "quote",
 "unicode-ident",
]

[[package]]
name = "unicode-ident"
version = "1.0.18"
source = "registry+https://github.com/rust-lang/crates.io-index"
checksum = "5a5f39404a5da50712a4c1eecf25e90dd62b613502b7e925fd4e4d19b5c96512"

[[package]]
name = "unscanny"
version = "0.1.0"
source = "registry+https://github.com/rust-lang/crates.io-index"
checksum = "e9df2af067a7953e9c3831320f35c1cc0600c30d44d9f7a12b01db1cd88d6b47"
